
Microsoft Visual Studio Solution File, Format Version 12.00
# Visual Studio 15
VisualStudioVersion = 15.0.34526.175
MinimumVisualStudioVersion = 10.0.40219.1
Project("{FAE04EC0-301F-11D3-BF4B-00C04F79EFBC}") = "ServiciosWeb", "ServiciosWeb\ServiciosWeb.csproj", "{905B82D9-37FE-430B-B644-F67492221E83}"
EndProject
Global
	GlobalSection(SolutionConfigurationPlatforms) = preSolution
		Debug|Any CPU = Debug|Any CPU
		Release|Any CPU = Release|Any CPU
	EndGlobalSection
	GlobalSection(ProjectConfigurationPlatforms) = postSolution
		{905B82D9-37FE-430B-B644-F67492221E83}.Debug|Any CPU.ActiveCfg = Debug|Any CPU
		{905B82D9-37FE-430B-B644-F67492221E83}.Debug|Any CPU.Build.0 = Debug|Any CPU
		{905B82D9-37FE-430B-B644-F67492221E83}.Release|Any CPU.ActiveCfg = Release|Any CPU
		{905B82D9-37FE-430B-B644-F67492221E83}.Release|Any CPU.Build.0 = Release|Any CPU
	EndGlobalSection
	GlobalSection(SolutionProperties) = preSolution
		HideSolutionNode = FALSE
	EndGlobalSection
	GlobalSection(ExtensibilityGlobals) = postSolution
		SolutionGuid = {1B87301A-8228-454D-942F-C9EF47891F99}
	EndGlobalSection
EndGlobal
